
Microsoft Visual Studio Solution File, Format Version 12.00
# Visual Studio Version 17
VisualStudioVersion = 17.9.34607.119
MinimumVisualStudioVersion = 10.0.40219.1
Project("{FAE04EC0-301F-11D3-BF4B-00C04F79EFBC}") = "veneer", "veneer.csproj", "{1BB60961-2520-4F77-AE88-1E9B0909BF56}"
EndProject
Global
	GlobalSection(SolutionConfigurationPlatforms) = preSolution
		Debug|Any CPU = Debug|Any CPU
		Release|Any CPU = Release|Any CPU
	EndGlobalSection
	GlobalSection(ProjectConfigurationPlatforms) = postSolution
		{1BB60961-2520-4F77-AE88-1E9B0909BF56}.Debug|Any CPU.ActiveCfg = Debug|Any CPU
		{1BB60961-2520-4F77-AE88-1E9B0909BF56}.Debug|Any CPU.Build.0 = Debug|Any CPU
		{1BB60961-2520-4F77-AE88-1E9B0909BF56}.Release|Any CPU.ActiveCfg = Release|Any CPU
		{1BB60961-2520-4F77-AE88-1E9B0909BF56}.Release|Any CPU.Build.0 = Release|Any CPU
	EndGlobalSection
	GlobalSection(SolutionProperties) = preSolution
		HideSolutionNode = FALSE
	EndGlobalSection
	GlobalSection(ExtensibilityGlobals) = postSolution
		SolutionGuid = {C3E9537F-174B-43C5-A4B2-77CFA58E4C6A}
	EndGlobalSection
EndGlobal
